
Microsoft Visual Studio Solution File, Format Version 12.00
# Visual Studio 14
VisualStudioVersion = 14.0.25420.1
MinimumVisualStudioVersion = 10.0.40219.1
Project("{FAE04EC0-301F-11D3-BF4B-00C04F79EFBC}") = "PruebaXamarinForms", "PruebaXamarinForms\PruebaXamarinForms\PruebaXamarinForms.csproj", "{BF5E9CB2-27E1-479B-A897-F69B61F3FD08}"
EndProject
Project("{FAE04EC0-301F-11D3-BF4B-00C04F79EFBC}") = "PruebaXamarinForms.Droid", "PruebaXamarinForms\PruebaXamarinForms.Droid\PruebaXamarinForms.Droid.csproj", "{C7B95955-6C0D-420F-8F39-2C15B3592D2F}"
EndProject
Project("{FAE04EC0-301F-11D3-BF4B-00C04F79EFBC}") = "PruebaXamarinForms.iOS", "PruebaXamarinForms\PruebaXamarinForms.iOS\PruebaXamarinForms.iOS.csproj", "{EEF8C6DF-FD87-4B3C-A92C-84801E83428C}"
EndProject
Project("{FAE04EC0-301F-11D3-BF4B-00C04F79EFBC}") = "PruebaXamarinForms.WinPhone", "PruebaXamarinForms\PruebaXamarinForms.WinPhone\PruebaXamarinForms.WinPhone.csproj", "{076C064D-327A-4963-840B-9C9CF2BEDA7C}"
EndProject
Project("{FAE04EC0-301F-11D3-BF4B-00C04F79EFBC}") = "PruebaXamarinForms.UWP", "PruebaXamarinForms\PruebaXamarinForms.UWP\PruebaXamarinForms.UWP.csproj", "{F8686EE4-0EC7-4256-A7FC-C0852E240E60}"
EndProject
Project("{FAE04EC0-301F-11D3-BF4B-00C04F79EFBC}") = "PruebaXamarinForms.Windows", "PruebaXamarinForms\PruebaXamarinForms.Windows\PruebaXamarinForms.Windows.csproj", "{6705D776-3001-4BEC-B4DC-43FFD16B9ACE}"
EndProject
Global
	GlobalSection(SolutionConfigurationPlatforms) = preSolution
		Ad-Hoc|Any CPU = Ad-Hoc|Any CPU
		Ad-Hoc|ARM = Ad-Hoc|ARM
		Ad-Hoc|iPhone = Ad-Hoc|iPhone
		Ad-Hoc|iPhoneSimulator = Ad-Hoc|iPhoneSimulator
		Ad-Hoc|x64 = Ad-Hoc|x64
		Ad-Hoc|x86 = Ad-Hoc|x86
		AppStore|Any CPU = AppStore|Any CPU
		AppStore|ARM = AppStore|ARM
		AppStore|iPhone = AppStore|iPhone
		AppStore|iPhoneSimulator = AppStore|iPhoneSimulator
		AppStore|x64 = AppStore|x64
		AppStore|x86 = AppStore|x86
		Debug|Any CPU = Debug|Any CPU
		Debug|ARM = Debug|ARM
		Debug|iPhone = Debug|iPhone
		Debug|iPhoneSimulator = Debug|iPhoneSimulator
		Debug|x64 = Debug|x64
		Debug|x86 = Debug|x86
		Release|Any CPU = Release|Any CPU
		Release|ARM = Release|ARM
		Release|iPhone = Release|iPhone
		Release|iPhoneSimulator = Release|iPhoneSimulator
		Release|x64 = Release|x64
		Release|x86 = Release|x86
	EndGlobalSection
	GlobalSection(ProjectConfigurationPlatforms) = postSolution
		{BF5E9CB2-27E1-479B-A897-F69B61F3FD08}.Ad-Hoc|Any CPU.ActiveCfg = Release|Any CPU
		{BF5E9CB2-27E1-479B-A897-F69B61F3FD08}.Ad-Hoc|Any CPU.Build.0 = Release|Any CPU
		{BF5E9CB2-27E1-479B-A897-F69B61F3FD08}.Ad-Hoc|ARM.ActiveCfg = Release|Any CPU
		{BF5E9CB2-27E1-479B-A897-F69B61F3FD08}.Ad-Hoc|ARM.Build.0 = Release|Any CPU
		{BF5E9CB2-27E1-479B-A897-F69B61F3FD08}.Ad-Hoc|iPhone.ActiveCfg = Release|Any CPU
		{BF5E9CB2-27E1-479B-A897-F69B61F3FD08}.Ad-Hoc|iPhone.Build.0 = Release|Any CPU
		{BF5E9CB2-27E1-479B-A897-F69B61F3FD08}.Ad-Hoc|iPhoneSimulator.ActiveCfg = Release|Any CPU
		{BF5E9CB2-27E1-479B-A897-F69B61F3FD08}.Ad-Hoc|iPhoneSimulator.Build.0 = Release|Any CPU
		{BF5E9CB2-27E1-479B-A897-F69B61F3FD08}.Ad-Hoc|x64.ActiveCfg = Release|Any CPU
		{BF5E9CB2-27E1-479B-A897-F69B61F3FD08}.Ad-Hoc|x64.Build.0 = Release|Any CPU
		{BF5E9CB2-27E1-479B-A897-F69B61F3FD08}.Ad-Hoc|x86.ActiveCfg = Release|Any CPU
		{BF5E9CB2-27E1-479B-A897-F69B61F3FD08}.Ad-Hoc|x86.Build.0 = Release|Any CPU
		{BF5E9CB2-27E1-479B-A897-F69B61F3FD08}.AppStore|Any CPU.ActiveCfg = Release|Any CPU
		{BF5E9CB2-27E1-479B-A897-F69B61F3FD08}.AppStore|Any CPU.Build.0 = Release|Any CPU
		{BF5E9CB2-27E1-479B-A897-F69B61F3FD08}.AppStore|ARM.ActiveCfg = Release|Any CPU
		{BF5E9CB2-27E1-479B-A897-F69B61F3FD08}.AppStore|ARM.Build.0 = Release|Any CPU
		{BF5E9CB2-27E1-479B-A897-F69B61F3FD08}.AppStore|iPhone.ActiveCfg = Release|Any CPU
		{BF5E9CB2-27E1-479B-A897-F69B61F3FD08}.AppStore|iPhone.Build.0 = Release|Any CPU
		{BF5E9CB2-27E1-479B-A897-F69B61F3FD08}.AppStore|iPhoneSimulator.ActiveCfg = Release|Any CPU
		{BF5E9CB2-27E1-479B-A897-F69B61F3FD08}.AppStore|iPhoneSimulator.Build.0 = Release|Any CPU
		{BF5E9CB2-27E1-479B-A897-F69B61F3FD08}.AppStore|x64.ActiveCfg = Release|Any CPU
		{BF5E9CB2-27E1-479B-A897-F69B61F3FD08}.AppStore|x64.Build.0 = Release|Any CPU
		{BF5E9CB2-27E1-479B-A897-F69B61F3FD08}.AppStore|x86.ActiveCfg = Release|Any CPU
		{BF5E9CB2-27E1-479B-A897-F69B61F3FD08}.AppStore|x86.Build.0 = Release|Any CPU
		{BF5E9CB2-27E1-479B-A897-F69B61F3FD08}.Debug|Any CPU.ActiveCfg = Debug|Any CPU
		{BF5E9CB2-27E1-479B-A897-F69B61F3FD08}.Debug|Any CPU.Build.0 = Debug|Any CPU
		{BF5E9CB2-27E1-479B-A897-F69B61F3FD08}.Debug|ARM.ActiveCfg = Debug|Any CPU
		{BF5E9CB2-27E1-479B-A897-F69B61F3FD08}.Debug|ARM.Build.0 = Debug|Any CPU
		{BF5E9CB2-27E1-479B-A897-F69B61F3FD08}.Debug|iPhone.ActiveCfg = Debug|Any CPU
		{BF5E9CB2-27E1-479B-A897-F69B61F3FD08}.Debug|iPhone.Build.0 = Debug|Any CPU
		{BF5E9CB2-27E1-479B-A897-F69B61F3FD08}.Debug|iPhoneSimulator.ActiveCfg = Debug|Any CPU
		{BF5E9CB2-27E1-479B-A897-F69B61F3FD08}.Debug|iPhoneSimulator.Build.0 = Debug|Any CPU
		{BF5E9CB2-27E1-479B-A897-F69B61F3FD08}.Debug|x64.ActiveCfg = Debug|Any CPU
		{BF5E9CB2-27E1-479B-A897-F69B61F3FD08}.Debug|x64.Build.0 = Debug|Any CPU
		{BF5E9CB2-27E1-479B-A897-F69B61F3FD08}.Debug|x86.ActiveCfg = Debug|Any CPU
		{BF5E9CB2-27E1-479B-A897-F69B61F3FD08}.Debug|x86.Build.0 = Debug|Any CPU
		{BF5E9CB2-27E1-479B-A897-F69B61F3FD08}.Release|Any CPU.ActiveCfg = Release|Any CPU
		{BF5E9CB2-27E1-479B-A897-F69B61F3FD08}.Release|Any CPU.Build.0 = Release|Any CPU
		{BF5E9CB2-27E1-479B-A897-F69B61F3FD08}.Release|ARM.ActiveCfg = Release|Any CPU
		{BF5E9CB2-27E1-479B-A897-F69B61F3FD08}.Release|ARM.Build.0 = Release|Any CPU
		{BF5E9CB2-27E1-479B-A897-F69B61F3FD08}.Release|iPhone.ActiveCfg = Release|Any CPU
		{BF5E9CB2-27E1-479B-A897-F69B61F3FD08}.Release|iPhone.Build.0 = Release|Any CPU
		{BF5E9CB2-27E1-479B-A897-F69B61F3FD08}.Release|iPhoneSimulator.ActiveCfg = Release|Any CPU
		{BF5E9CB2-27E1-479B-A897-F69B61F3FD08}.Release|iPhoneSimulator.Build.0 = Release|Any CPU
		{BF5E9CB2-27E1-479B-A897-F69B61F3FD08}.Release|x64.ActiveCfg = Release|Any CPU
		{BF5E9CB2-27E1-479B-A897-F69B61F3FD08}.Release|x64.Build.0 = Release|Any CPU
		{BF5E9CB2-27E1-479B-A897-F69B61F3FD08}.Release|x86.ActiveCfg = Release|Any CPU
		{BF5E9CB2-27E1-479B-A897-F69B61F3FD08}.Release|x86.Build.0 = Release|Any CPU
		{C7B95955-6C0D-420F-8F39-2C15B3592D2F}.Ad-Hoc|Any CPU.ActiveCfg = Release|Any CPU
		{C7B95955-6C0D-420F-8F39-2C15B3592D2F}.Ad-Hoc|Any CPU.Build.0 = Release|Any CPU
		{C7B95955-6C0D-420F-8F39-2C15B3592D2F}.Ad-Hoc|Any CPU.Deploy.0 = Release|Any CPU
		{C7B95955-6C0D-420F-8F39-2C15B3592D2F}.Ad-Hoc|ARM.ActiveCfg = Release|Any CPU
		{C7B95955-6C0D-420F-8F39-2C15B3592D2F}.Ad-Hoc|ARM.Build.0 = Release|Any CPU
		{C7B95955-6C0D-420F-8F39-2C15B3592D2F}.Ad-Hoc|ARM.Deploy.0 = Release|Any CPU
		{C7B95955-6C0D-420F-8F39-2C15B3592D2F}.Ad-Hoc|iPhone.ActiveCfg = Release|Any CPU
		{C7B95955-6C0D-420F-8F39-2C15B3592D2F}.Ad-Hoc|iPhone.Build.0 = Release|Any CPU
		{C7B95955-6C0D-420F-8F39-2C15B3592D2F}.Ad-Hoc|iPhone.Deploy.0 = Release|Any CPU
		{C7B95955-6C0D-420F-8F39-2C15B3592D2F}.Ad-Hoc|iPhoneSimulator.ActiveCfg = Release|Any CPU
		{C7B95955-6C0D-420F-8F39-2C15B3592D2F}.Ad-Hoc|iPhoneSimulator.Build.0 = Release|Any CPU
		{C7B95955-6C0D-420F-8F39-2C15B3592D2F}.Ad-Hoc|iPhoneSimulator.Deploy.0 = Release|Any CPU
		{C7B95955-6C0D-420F-8F39-2C15B3592D2F}.Ad-Hoc|x64.ActiveCfg = Release|Any CPU
		{C7B95955-6C0D-420F-8F39-2C15B3592D2F}.Ad-Hoc|x64.Build.0 = Release|Any CPU
		{C7B95955-6C0D-420F-8F39-2C15B3592D2F}.Ad-Hoc|x64.Deploy.0 = Release|Any CPU
		{C7B95955-6C0D-420F-8F39-2C15B3592D2F}.Ad-Hoc|x86.ActiveCfg = Release|Any CPU
		{C7B95955-6C0D-420F-8F39-2C15B3592D2F}.Ad-Hoc|x86.Build.0 = Release|Any CPU
		{C7B95955-6C0D-420F-8F39-2C15B3592D2F}.Ad-Hoc|x86.Deploy.0 = Release|Any CPU
		{C7B95955-6C0D-420F-8F39-2C15B3592D2F}.AppStore|Any CPU.ActiveCfg = Release|Any CPU
		{C7B95955-6C0D-420F-8F39-2C15B3592D2F}.AppStore|Any CPU.Build.0 = Release|Any CPU
		{C7B95955-6C0D-420F-8F39-2C15B3592D2F}.AppStore|Any CPU.Deploy.0 = Release|Any CPU
		{C7B95955-6C0D-420F-8F39-2C15B3592D2F}.AppStore|ARM.ActiveCfg = Release|Any CPU
		{C7B95955-6C0D-420F-8F39-2C15B3592D2F}.AppStore|ARM.Build.0 = Release|Any CPU
		{C7B95955-6C0D-420F-8F39-2C15B3592D2F}.AppStore|ARM.Deploy.0 = Release|Any CPU
		{C7B95955-6C0D-420F-8F39-2C15B3592D2F}.AppStore|iPhone.ActiveCfg = Release|Any CPU
		{C7B95955-6C0D-420F-8F39-2C15B3592D2F}.AppStore|iPhone.Build.0 = Release|Any CPU
		{C7B95955-6C0D-420F-8F39-2C15B3592D2F}.AppStore|iPhone.Deploy.0 = Release|Any CPU
		{C7B95955-6C0D-420F-8F39-2C15B3592D2F}.AppStore|iPhoneSimulator.ActiveCfg = Release|Any CPU
		{C7B95955-6C0D-420F-8F39-2C15B3592D2F}.AppStore|iPhoneSimulator.Build.0 = Release|Any CPU
		{C7B95955-6C0D-420F-8F39-2C15B3592D2F}.AppStore|iPhoneSimulator.Deploy.0 = Release|Any CPU
		{C7B95955-6C0D-420F-8F39-2C15B3592D2F}.AppStore|x64.ActiveCfg = Release|Any CPU
		{C7B95955-6C0D-420F-8F39-2C15B3592D2F}.AppStore|x64.Build.0 = Release|Any CPU
		{C7B95955-6C0D-420F-8F39-2C15B3592D2F}.AppStore|x64.Deploy.0 = Release|Any CPU
		{C7B95955-6C0D-420F-8F39-2C15B3592D2F}.AppStore|x86.ActiveCfg = Release|Any CPU
		{C7B95955-6C0D-420F-8F39-2C15B3592D2F}.AppStore|x86.Build.0 = Release|Any CPU
		{C7B95955-6C0D-420F-8F39-2C15B3592D2F}.AppStore|x86.Deploy.0 = Release|Any CPU
		{C7B95955-6C0D-420F-8F39-2C15B3592D2F}.Debug|Any CPU.ActiveCfg = Debug|Any CPU
		{C7B95955-6C0D-420F-8F39-2C15B3592D2F}.Debug|Any CPU.Build.0 = Debug|Any CPU
		{C7B95955-6C0D-420F-8F39-2C15B3592D2F}.Debug|Any CPU.Deploy.0 = Debug|Any CPU
		{C7B95955-6C0D-420F-8F39-2C15B3592D2F}.Debug|ARM.ActiveCfg = Debug|Any CPU
		{C7B95955-6C0D-420F-8F39-2C15B3592D2F}.Debug|ARM.Build.0 = Debug|Any CPU
		{C7B95955-6C0D-420F-8F39-2C15B3592D2F}.Debug|ARM.Deploy.0 = Debug|Any CPU
		{C7B95955-6C0D-420F-8F39-2C15B3592D2F}.Debug|iPhone.ActiveCfg = Debug|Any CPU
		{C7B95955-6C0D-420F-8F39-2C15B3592D2F}.Debug|iPhone.Build.0 = Debug|Any CPU
		{C7B95955-6C0D-420F-8F39-2C15B3592D2F}.Debug|iPhone.Deploy.0 = Debug|Any CPU
		{C7B95955-6C0D-420F-8F39-2C15B3592D2F}.Debug|iPhoneSimulator.ActiveCfg = Debug|Any CPU
		{C7B95955-6C0D-420F-8F39-2C15B3592D2F}.Debug|iPhoneSimulator.Build.0 = Debug|Any CPU
		{C7B95955-6C0D-420F-8F39-2C15B3592D2F}.Debug|iPhoneSimulator.Deploy.0 = Debug|Any CPU
		{C7B95955-6C0D-420F-8F39-2C15B3592D2F}.Debug|x64.ActiveCfg = Debug|Any CPU
		{C7B95955-6C0D-420F-8F39-2C15B3592D2F}.Debug|x64.Build.0 = Debug|Any CPU
		{C7B95955-6C0D-420F-8F39-2C15B3592D2F}.Debug|x64.Deploy.0 = Debug|Any CPU
		{C7B95955-6C0D-420F-8F39-2C15B3592D2F}.Debug|x86.ActiveCfg = Debug|Any CPU
		{C7B95955-6C0D-420F-8F39-2C15B3592D2F}.Debug|x86.Build.0 = Debug|Any CPU
		{C7B95955-6C0D-420F-8F39-2C15B3592D2F}.Debug|x86.Deploy.0 = Debug|Any CPU
		{C7B95955-6C0D-420F-8F39-2C15B3592D2F}.Release|Any CPU.ActiveCfg = Release|Any CPU
		{C7B95955-6C0D-420F-8F39-2C15B3592D2F}.Release|Any CPU.Build.0 = Release|Any CPU
		{C7B95955-6C0D-420F-8F39-2C15B3592D2F}.Release|Any CPU.Deploy.0 = Release|Any CPU
		{C7B95955-6C0D-420F-8F39-2C15B3592D2F}.Release|ARM.ActiveCfg = Release|Any CPU
		{C7B95955-6C0D-420F-8F39-2C15B3592D2F}.Release|ARM.Build.0 = Release|Any CPU
		{C7B95955-6C0D-420F-8F39-2C15B3592D2F}.Release|ARM.Deploy.0 = Release|Any CPU
		{C7B95955-6C0D-420F-8F39-2C15B3592D2F}.Release|iPhone.ActiveCfg = Release|Any CPU
		{C7B95955-6C0D-420F-8F39-2C15B3592D2F}.Release|iPhone.Build.0 = Release|Any CPU
		{C7B95955-6C0D-420F-8F39-2C15B3592D2F}.Release|iPhone.Deploy.0 = Release|Any CPU
		{C7B95955-6C0D-420F-8F39-2C15B3592D2F}.Release|iPhoneSimulator.ActiveCfg = Release|Any CPU
		{C7B95955-6C0D-420F-8F39-2C15B3592D2F}.Release|iPhoneSimulator.Build.0 = Release|Any CPU
		{C7B95955-6C0D-420F-8F39-2C15B3592D2F}.Release|iPhoneSimulator.Deploy.0 = Release|Any CPU
		{C7B95955-6C0D-420F-8F39-2C15B3592D2F}.Release|x64.ActiveCfg = Release|Any CPU
		{C7B95955-6C0D-420F-8F39-2C15B3592D2F}.Release|x64.Build.0 = Release|Any CPU
		{C7B95955-6C0D-420F-8F39-2C15B3592D2F}.Release|x64.Deploy.0 = Release|Any CPU
		{C7B95955-6C0D-420F-8F39-2C15B3592D2F}.Release|x86.ActiveCfg = Release|Any CPU
		{C7B95955-6C0D-420F-8F39-2C15B3592D2F}.Release|x86.Build.0 = Release|Any CPU
		{C7B95955-6C0D-420F-8F39-2C15B3592D2F}.Release|x86.Deploy.0 = Release|Any CPU
		{EEF8C6DF-FD87-4B3C-A92C-84801E83428C}.Ad-Hoc|Any CPU.ActiveCfg = Ad-Hoc|iPhone
		{EEF8C6DF-FD87-4B3C-A92C-84801E83428C}.Ad-Hoc|ARM.ActiveCfg = Ad-Hoc|iPhone
		{EEF8C6DF-FD87-4B3C-A92C-84801E83428C}.Ad-Hoc|iPhone.ActiveCfg = Ad-Hoc|iPhone
		{EEF8C6DF-FD87-4B3C-A92C-84801E83428C}.Ad-Hoc|iPhone.Build.0 = Ad-Hoc|iPhone
		{EEF8C6DF-FD87-4B3C-A92C-84801E83428C}.Ad-Hoc|iPhoneSimulator.ActiveCfg = Ad-Hoc|iPhoneSimulator
		{EEF8C6DF-FD87-4B3C-A92C-84801E83428C}.Ad-Hoc|iPhoneSimulator.Build.0 = Ad-Hoc|iPhoneSimulator
		{EEF8C6DF-FD87-4B3C-A92C-84801E83428C}.Ad-Hoc|x64.ActiveCfg = Ad-Hoc|iPhone
		{EEF8C6DF-FD87-4B3C-A92C-84801E83428C}.Ad-Hoc|x86.ActiveCfg = Ad-Hoc|iPhone
		{EEF8C6DF-FD87-4B3C-A92C-84801E83428C}.AppStore|Any CPU.ActiveCfg = AppStore|iPhone
		{EEF8C6DF-FD87-4B3C-A92C-84801E83428C}.AppStore|ARM.ActiveCfg = AppStore|iPhone
		{EEF8C6DF-FD87-4B3C-A92C-84801E83428C}.AppStore|iPhone.ActiveCfg = AppStore|iPhone
		{EEF8C6DF-FD87-4B3C-A92C-84801E83428C}.AppStore|iPhone.Build.0 = AppStore|iPhone
		{EEF8C6DF-FD87-4B3C-A92C-84801E83428C}.AppStore|iPhoneSimulator.ActiveCfg = AppStore|iPhoneSimulator
		{EEF8C6DF-FD87-4B3C-A92C-84801E83428C}.AppStore|iPhoneSimulator.Build.0 = AppStore|iPhoneSimulator
		{EEF8C6DF-FD87-4B3C-A92C-84801E83428C}.AppStore|x64.ActiveCfg = AppStore|iPhone
		{EEF8C6DF-FD87-4B3C-A92C-84801E83428C}.AppStore|x86.ActiveCfg = AppStore|iPhone
		{EEF8C6DF-FD87-4B3C-A92C-84801E83428C}.Debug|Any CPU.ActiveCfg = Debug|iPhone
		{EEF8C6DF-FD87-4B3C-A92C-84801E83428C}.Debug|ARM.ActiveCfg = Debug|iPhone
		{EEF8C6DF-FD87-4B3C-A92C-84801E83428C}.Debug|iPhone.ActiveCfg = Debug|iPhone
		{EEF8C6DF-FD87-4B3C-A92C-84801E83428C}.Debug|iPhoneSimulator.ActiveCfg = Debug|iPhoneSimulator
		{EEF8C6DF-FD87-4B3C-A92C-84801E83428C}.Debug|iPhoneSimulator.Build.0 = Debug|iPhoneSimulator
		{EEF8C6DF-FD87-4B3C-A92C-84801E83428C}.Debug|x64.ActiveCfg = Debug|iPhone
		{EEF8C6DF-FD87-4B3C-A92C-84801E83428C}.Debug|x86.ActiveCfg = Debug|iPhone
		{EEF8C6DF-FD87-4B3C-A92C-84801E83428C}.Release|Any CPU.ActiveCfg = Release|iPhone
		{EEF8C6DF-FD87-4B3C-A92C-84801E83428C}.Release|ARM.ActiveCfg = Release|iPhone
		{EEF8C6DF-FD87-4B3C-A92C-84801E83428C}.Release|iPhone.ActiveCfg = Release|iPhone
		{EEF8C6DF-FD87-4B3C-A92C-84801E83428C}.Release|iPhone.Build.0 = Release|iPhone
		{EEF8C6DF-FD87-4B3C-A92C-84801E83428C}.Release|iPhoneSimulator.ActiveCfg = Release|iPhoneSimulator
		{EEF8C6DF-FD87-4B3C-A92C-84801E83428C}.Release|iPhoneSimulator.Build.0 = Release|iPhoneSimulator
		{EEF8C6DF-FD87-4B3C-A92C-84801E83428C}.Release|x64.ActiveCfg = Release|iPhone
		{EEF8C6DF-FD87-4B3C-A92C-84801E83428C}.Release|x86.ActiveCfg = Release|iPhone
		{076C064D-327A-4963-840B-9C9CF2BEDA7C}.Ad-Hoc|Any CPU.ActiveCfg = Release|Any CPU
		{076C064D-327A-4963-840B-9C9CF2BEDA7C}.Ad-Hoc|Any CPU.Build.0 = Release|Any CPU
		{076C064D-327A-4963-840B-9C9CF2BEDA7C}.Ad-Hoc|Any CPU.Deploy.0 = Release|Any CPU
		{076C064D-327A-4963-840B-9C9CF2BEDA7C}.Ad-Hoc|ARM.ActiveCfg = Release|ARM
		{076C064D-327A-4963-840B-9C9CF2BEDA7C}.Ad-Hoc|ARM.Build.0 = Release|ARM
		{076C064D-327A-4963-840B-9C9CF2BEDA7C}.Ad-Hoc|ARM.Deploy.0 = Release|ARM
		{076C064D-327A-4963-840B-9C9CF2BEDA7C}.Ad-Hoc|iPhone.ActiveCfg = Release|Any CPU
		{076C064D-327A-4963-840B-9C9CF2BEDA7C}.Ad-Hoc|iPhone.Build.0 = Release|Any CPU
		{076C064D-327A-4963-840B-9C9CF2BEDA7C}.Ad-Hoc|iPhone.Deploy.0 = Release|Any CPU
		{076C064D-327A-4963-840B-9C9CF2BEDA7C}.Ad-Hoc|iPhoneSimulator.ActiveCfg = Release|Any CPU
		{076C064D-327A-4963-840B-9C9CF2BEDA7C}.Ad-Hoc|iPhoneSimulator.Build.0 = Release|Any CPU
		{076C064D-327A-4963-840B-9C9CF2BEDA7C}.Ad-Hoc|iPhoneSimulator.Deploy.0 = Release|Any CPU
		{076C064D-327A-4963-840B-9C9CF2BEDA7C}.Ad-Hoc|x64.ActiveCfg = Release|Any CPU
		{076C064D-327A-4963-840B-9C9CF2BEDA7C}.Ad-Hoc|x64.Build.0 = Release|Any CPU
		{076C064D-327A-4963-840B-9C9CF2BEDA7C}.Ad-Hoc|x64.Deploy.0 = Release|Any CPU
		{076C064D-327A-4963-840B-9C9CF2BEDA7C}.Ad-Hoc|x86.ActiveCfg = Release|x86
		{076C064D-327A-4963-840B-9C9CF2BEDA7C}.Ad-Hoc|x86.Build.0 = Release|x86
		{076C064D-327A-4963-840B-9C9CF2BEDA7C}.Ad-Hoc|x86.Deploy.0 = Release|x86
		{076C064D-327A-4963-840B-9C9CF2BEDA7C}.AppStore|Any CPU.ActiveCfg = Release|Any CPU
		{076C064D-327A-4963-840B-9C9CF2BEDA7C}.AppStore|Any CPU.Build.0 = Release|Any CPU
		{076C064D-327A-4963-840B-9C9CF2BEDA7C}.AppStore|Any CPU.Deploy.0 = Release|Any CPU
		{076C064D-327A-4963-840B-9C9CF2BEDA7C}.AppStore|ARM.ActiveCfg = Release|ARM
		{076C064D-327A-4963-840B-9C9CF2BEDA7C}.AppStore|ARM.Build.0 = Release|ARM
		{076C064D-327A-4963-840B-9C9CF2BEDA7C}.AppStore|ARM.Deploy.0 = Release|ARM
		{076C064D-327A-4963-840B-9C9CF2BEDA7C}.AppStore|iPhone.ActiveCfg = Release|Any CPU
		{076C064D-327A-4963-840B-9C9CF2BEDA7C}.AppStore|iPhone.Build.0 = Release|Any CPU
		{076C064D-327A-4963-840B-9C9CF2BEDA7C}.AppStore|iPhone.Deploy.0 = Release|Any CPU
		{076C064D-327A-4963-840B-9C9CF2BEDA7C}.AppStore|iPhoneSimulator.ActiveCfg = Release|Any CPU
		{076C064D-327A-4963-840B-9C9CF2BEDA7C}.AppStore|iPhoneSimulator.Build.0 = Release|Any CPU
		{076C064D-327A-4963-840B-9C9CF2BEDA7C}.AppStore|iPhoneSimulator.Deploy.0 = Release|Any CPU
		{076C064D-327A-4963-840B-9C9CF2BEDA7C}.AppStore|x64.ActiveCfg = Release|Any CPU
		{076C064D-327A-4963-840B-9C9CF2BEDA7C}.AppStore|x64.Build.0 = Release|Any CPU
		{076C064D-327A-4963-840B-9C9CF2BEDA7C}.AppStore|x64.Deploy.0 = Release|Any CPU
		{076C064D-327A-4963-840B-9C9CF2BEDA7C}.AppStore|x86.ActiveCfg = Release|x86
		{076C064D-327A-4963-840B-9C9CF2BEDA7C}.AppStore|x86.Build.0 = Release|x86
		{076C064D-327A-4963-840B-9C9CF2BEDA7C}.AppStore|x86.Deploy.0 = Release|x86
		{076C064D-327A-4963-840B-9C9CF2BEDA7C}.Debug|Any CPU.ActiveCfg = Debug|Any CPU
		{076C064D-327A-4963-840B-9C9CF2BEDA7C}.Debug|ARM.ActiveCfg = Debug|ARM
		{076C064D-327A-4963-840B-9C9CF2BEDA7C}.Debug|ARM.Build.0 = Debug|ARM
		{076C064D-327A-4963-840B-9C9CF2BEDA7C}.Debug|ARM.Deploy.0 = Debug|ARM
		{076C064D-327A-4963-840B-9C9CF2BEDA7C}.Debug|iPhone.ActiveCfg = Debug|Any CPU
		{076C064D-327A-4963-840B-9C9CF2BEDA7C}.Debug|iPhoneSimulator.ActiveCfg = Debug|Any CPU
		{076C064D-327A-4963-840B-9C9CF2BEDA7C}.Debug|iPhoneSimulator.Build.0 = Debug|Any CPU
		{076C064D-327A-4963-840B-9C9CF2BEDA7C}.Debug|iPhoneSimulator.Deploy.0 = Debug|Any CPU
		{076C064D-327A-4963-840B-9C9CF2BEDA7C}.Debug|x64.ActiveCfg = Debug|Any CPU
		{076C064D-327A-4963-840B-9C9CF2BEDA7C}.Debug|x64.Build.0 = Debug|Any CPU
		{076C064D-327A-4963-840B-9C9CF2BEDA7C}.Debug|x64.Deploy.0 = Debug|Any CPU
		{076C064D-327A-4963-840B-9C9CF2BEDA7C}.Debug|x86.ActiveCfg = Debug|x86
		{076C064D-327A-4963-840B-9C9CF2BEDA7C}.Debug|x86.Build.0 = Debug|x86
		{076C064D-327A-4963-840B-9C9CF2BEDA7C}.Debug|x86.Deploy.0 = Debug|x86
		{076C064D-327A-4963-840B-9C9CF2BEDA7C}.Release|Any CPU.ActiveCfg = Release|Any CPU
		{076C064D-327A-4963-840B-9C9CF2BEDA7C}.Release|Any CPU.Build.0 = Release|Any CPU
		{076C064D-327A-4963-840B-9C9CF2BEDA7C}.Release|Any CPU.Deploy.0 = Release|Any CPU
		{076C064D-327A-4963-840B-9C9CF2BEDA7C}.Release|ARM.ActiveCfg = Release|ARM
		{076C064D-327A-4963-840B-9C9CF2BEDA7C}.Release|ARM.Build.0 = Release|ARM
		{076C064D-327A-4963-840B-9C9CF2BEDA7C}.Release|ARM.Deploy.0 = Release|ARM
		{076C064D-327A-4963-840B-9C9CF2BEDA7C}.Release|iPhone.ActiveCfg = Release|Any CPU
		{076C064D-327A-4963-840B-9C9CF2BEDA7C}.Release|iPhone.Build.0 = Release|Any CPU
		{076C064D-327A-4963-840B-9C9CF2BEDA7C}.Release|iPhone.Deploy.0 = Release|Any CPU
		{076C064D-327A-4963-840B-9C9CF2BEDA7C}.Release|iPhoneSimulator.ActiveCfg = Release|Any CPU
		{076C064D-327A-4963-840B-9C9CF2BEDA7C}.Release|iPhoneSimulator.Build.0 = Release|Any CPU
		{076C064D-327A-4963-840B-9C9CF2BEDA7C}.Release|iPhoneSimulator.Deploy.0 = Release|Any CPU
		{076C064D-327A-4963-840B-9C9CF2BEDA7C}.Release|x64.ActiveCfg = Release|Any CPU
		{076C064D-327A-4963-840B-9C9CF2BEDA7C}.Release|x64.Build.0 = Release|Any CPU
		{076C064D-327A-4963-840B-9C9CF2BEDA7C}.Release|x64.Deploy.0 = Release|Any CPU
		{076C064D-327A-4963-840B-9C9CF2BEDA7C}.Release|x86.ActiveCfg = Release|x86
		{076C064D-327A-4963-840B-9C9CF2BEDA7C}.Release|x86.Build.0 = Release|x86
		{076C064D-327A-4963-840B-9C9CF2BEDA7C}.Release|x86.Deploy.0 = Release|x86
		{F8686EE4-0EC7-4256-A7FC-C0852E240E60}.Ad-Hoc|Any CPU.ActiveCfg = Release|x86
		{F8686EE4-0EC7-4256-A7FC-C0852E240E60}.Ad-Hoc|Any CPU.Build.0 = Release|x86
		{F8686EE4-0EC7-4256-A7FC-C0852E240E60}.Ad-Hoc|Any CPU.Deploy.0 = Release|x86
		{F8686EE4-0EC7-4256-A7FC-C0852E240E60}.Ad-Hoc|ARM.ActiveCfg = Release|ARM
		{F8686EE4-0EC7-4256-A7FC-C0852E240E60}.Ad-Hoc|ARM.Build.0 = Release|ARM
		{F8686EE4-0EC7-4256-A7FC-C0852E240E60}.Ad-Hoc|ARM.Deploy.0 = Release|ARM
		{F8686EE4-0EC7-4256-A7FC-C0852E240E60}.Ad-Hoc|iPhone.ActiveCfg = Release|x86
		{F8686EE4-0EC7-4256-A7FC-C0852E240E60}.Ad-Hoc|iPhone.Build.0 = Release|x86
		{F8686EE4-0EC7-4256-A7FC-C0852E240E60}.Ad-Hoc|iPhone.Deploy.0 = Release|x86
		{F8686EE4-0EC7-4256-A7FC-C0852E240E60}.Ad-Hoc|iPhoneSimulator.ActiveCfg = Release|x86
		{F8686EE4-0EC7-4256-A7FC-C0852E240E60}.Ad-Hoc|iPhoneSimulator.Build.0 = Release|x86
		{F8686EE4-0EC7-4256-A7FC-C0852E240E60}.Ad-Hoc|iPhoneSimulator.Deploy.0 = Release|x86
		{F8686EE4-0EC7-4256-A7FC-C0852E240E60}.Ad-Hoc|x64.ActiveCfg = Release|x64
		{F8686EE4-0EC7-4256-A7FC-C0852E240E60}.Ad-Hoc|x64.Build.0 = Release|x64
		{F8686EE4-0EC7-4256-A7FC-C0852E240E60}.Ad-Hoc|x64.Deploy.0 = Release|x64
		{F8686EE4-0EC7-4256-A7FC-C0852E240E60}.Ad-Hoc|x86.ActiveCfg = Release|x86
		{F8686EE4-0EC7-4256-A7FC-C0852E240E60}.Ad-Hoc|x86.Build.0 = Release|x86
		{F8686EE4-0EC7-4256-A7FC-C0852E240E60}.Ad-Hoc|x86.Deploy.0 = Release|x86
		{F8686EE4-0EC7-4256-A7FC-C0852E240E60}.AppStore|Any CPU.ActiveCfg = Release|x86
		{F8686EE4-0EC7-4256-A7FC-C0852E240E60}.AppStore|Any CPU.Build.0 = Release|x86
		{F8686EE4-0EC7-4256-A7FC-C0852E240E60}.AppStore|Any CPU.Deploy.0 = Release|x86
		{F8686EE4-0EC7-4256-A7FC-C0852E240E60}.AppStore|ARM.ActiveCfg = Release|ARM
		{F8686EE4-0EC7-4256-A7FC-C0852E240E60}.AppStore|ARM.Build.0 = Release|ARM
		{F8686EE4-0EC7-4256-A7FC-C0852E240E60}.AppStore|ARM.Deploy.0 = Release|ARM
		{F8686EE4-0EC7-4256-A7FC-C0852E240E60}.AppStore|iPhone.ActiveCfg = Release|x86
		{F8686EE4-0EC7-4256-A7FC-C0852E240E60}.AppStore|iPhone.Build.0 = Release|x86
		{F8686EE4-0EC7-4256-A7FC-C0852E240E60}.AppStore|iPhone.Deploy.0 = Release|x86
		{F8686EE4-0EC7-4256-A7FC-C0852E240E60}.AppStore|iPhoneSimulator.ActiveCfg = Release|x86
		{F8686EE4-0EC7-4256-A7FC-C0852E240E60}.AppStore|iPhoneSimulator.Build.0 = Release|x86
		{F8686EE4-0EC7-4256-A7FC-C0852E240E60}.AppStore|iPhoneSimulator.Deploy.0 = Release|x86
		{F8686EE4-0EC7-4256-A7FC-C0852E240E60}.AppStore|x64.ActiveCfg = Release|x64
		{F8686EE4-0EC7-4256-A7FC-C0852E240E60}.AppStore|x64.Build.0 = Release|x64
		{F8686EE4-0EC7-4256-A7FC-C0852E240E60}.AppStore|x64.Deploy.0 = Release|x64
		{F8686EE4-0EC7-4256-A7FC-C0852E240E60}.AppStore|x86.ActiveCfg = Release|x86
		{F8686EE4-0EC7-4256-A7FC-C0852E240E60}.AppStore|x86.Build.0 = Release|x86
		{F8686EE4-0EC7-4256-A7FC-C0852E240E60}.AppStore|x86.Deploy.0 = Release|x86
		{F8686EE4-0EC7-4256-A7FC-C0852E240E60}.Debug|Any CPU.ActiveCfg = Debug|x86
		{F8686EE4-0EC7-4256-A7FC-C0852E240E60}.Debug|ARM.ActiveCfg = Debug|ARM
		{F8686EE4-0EC7-4256-A7FC-C0852E240E60}.Debug|ARM.Build.0 = Debug|ARM
		{F8686EE4-0EC7-4256-A7FC-C0852E240E60}.Debug|ARM.Deploy.0 = Debug|ARM
		{F8686EE4-0EC7-4256-A7FC-C0852E240E60}.Debug|iPhone.ActiveCfg = Debug|x86
		{F8686EE4-0EC7-4256-A7FC-C0852E240E60}.Debug|iPhoneSimulator.ActiveCfg = Debug|x86
		{F8686EE4-0EC7-4256-A7FC-C0852E240E60}.Debug|x64.ActiveCfg = Debug|x64
		{F8686EE4-0EC7-4256-A7FC-C0852E240E60}.Debug|x64.Build.0 = Debug|x64
		{F8686EE4-0EC7-4256-A7FC-C0852E240E60}.Debug|x64.Deploy.0 = Debug|x64
		{F8686EE4-0EC7-4256-A7FC-C0852E240E60}.Debug|x86.ActiveCfg = Debug|x86
		{F8686EE4-0EC7-4256-A7FC-C0852E240E60}.Debug|x86.Build.0 = Debug|x86
		{F8686EE4-0EC7-4256-A7FC-C0852E240E60}.Debug|x86.Deploy.0 = Debug|x86
		{F8686EE4-0EC7-4256-A7FC-C0852E240E60}.Release|Any CPU.ActiveCfg = Release|x86
		{F8686EE4-0EC7-4256-A7FC-C0852E240E60}.Release|ARM.ActiveCfg = Release|ARM
		{F8686EE4-0EC7-4256-A7FC-C0852E240E60}.Release|ARM.Build.0 = Release|ARM
		{F8686EE4-0EC7-4256-A7FC-C0852E240E60}.Release|ARM.Deploy.0 = Release|ARM
		{F8686EE4-0EC7-4256-A7FC-C0852E240E60}.Release|iPhone.ActiveCfg = Release|x86
		{F8686EE4-0EC7-4256-A7FC-C0852E240E60}.Release|iPhoneSimulator.ActiveCfg = Release|x86
		{F8686EE4-0EC7-4256-A7FC-C0852E240E60}.Release|x64.ActiveCfg = Release|x64
		{F8686EE4-0EC7-4256-A7FC-C0852E240E60}.Release|x64.Build.0 = Release|x64
		{F8686EE4-0EC7-4256-A7FC-C0852E240E60}.Release|x64.Deploy.0 = Release|x64
		{F8686EE4-0EC7-4256-A7FC-C0852E240E60}.Release|x86.ActiveCfg = Release|x86
		{F8686EE4-0EC7-4256-A7FC-C0852E240E60}.Release|x86.Build.0 = Release|x86
		{F8686EE4-0EC7-4256-A7FC-C0852E240E60}.Release|x86.Deploy.0 = Release|x86
		{6705D776-3001-4BEC-B4DC-43FFD16B9ACE}.Ad-Hoc|Any CPU.ActiveCfg = Release|Any CPU
		{6705D776-3001-4BEC-B4DC-43FFD16B9ACE}.Ad-Hoc|Any CPU.Build.0 = Release|Any CPU
		{6705D776-3001-4BEC-B4DC-43FFD16B9ACE}.Ad-Hoc|Any CPU.Deploy.0 = Release|Any CPU
		{6705D776-3001-4BEC-B4DC-43FFD16B9ACE}.Ad-Hoc|ARM.ActiveCfg = Release|ARM
		{6705D776-3001-4BEC-B4DC-43FFD16B9ACE}.Ad-Hoc|ARM.Build.0 = Release|ARM
		{6705D776-3001-4BEC-B4DC-43FFD16B9ACE}.Ad-Hoc|ARM.Deploy.0 = Release|ARM
		{6705D776-3001-4BEC-B4DC-43FFD16B9ACE}.Ad-Hoc|iPhone.ActiveCfg = Release|Any CPU
		{6705D776-3001-4BEC-B4DC-43FFD16B9ACE}.Ad-Hoc|iPhone.Build.0 = Release|Any CPU
		{6705D776-3001-4BEC-B4DC-43FFD16B9ACE}.Ad-Hoc|iPhone.Deploy.0 = Release|Any CPU
		{6705D776-3001-4BEC-B4DC-43FFD16B9ACE}.Ad-Hoc|iPhoneSimulator.ActiveCfg = Release|Any CPU
		{6705D776-3001-4BEC-B4DC-43FFD16B9ACE}.Ad-Hoc|iPhoneSimulator.Build.0 = Release|Any CPU
		{6705D776-3001-4BEC-B4DC-43FFD16B9ACE}.Ad-Hoc|iPhoneSimulator.Deploy.0 = Release|Any CPU
		{6705D776-3001-4BEC-B4DC-43FFD16B9ACE}.Ad-Hoc|x64.ActiveCfg = Release|x64
		{6705D776-3001-4BEC-B4DC-43FFD16B9ACE}.Ad-Hoc|x64.Build.0 = Release|x64
		{6705D776-3001-4BEC-B4DC-43FFD16B9ACE}.Ad-Hoc|x64.Deploy.0 = Release|x64
		{6705D776-3001-4BEC-B4DC-43FFD16B9ACE}.Ad-Hoc|x86.ActiveCfg = Release|x86
		{6705D776-3001-4BEC-B4DC-43FFD16B9ACE}.Ad-Hoc|x86.Build.0 = Release|x86
		{6705D776-3001-4BEC-B4DC-43FFD16B9ACE}.Ad-Hoc|x86.Deploy.0 = Release|x86
		{6705D776-3001-4BEC-B4DC-43FFD16B9ACE}.AppStore|Any CPU.ActiveCfg = Release|Any CPU
		{6705D776-3001-4BEC-B4DC-43FFD16B9ACE}.AppStore|Any CPU.Build.0 = Release|Any CPU
		{6705D776-3001-4BEC-B4DC-43FFD16B9ACE}.AppStore|Any CPU.Deploy.0 = Release|Any CPU
		{6705D776-3001-4BEC-B4DC-43FFD16B9ACE}.AppStore|ARM.ActiveCfg = Release|ARM
		{6705D776-3001-4BEC-B4DC-43FFD16B9ACE}.AppStore|ARM.Build.0 = Release|ARM
		{6705D776-3001-4BEC-B4DC-43FFD16B9ACE}.AppStore|ARM.Deploy.0 = Release|ARM
		{6705D776-3001-4BEC-B4DC-43FFD16B9ACE}.AppStore|iPhone.ActiveCfg = Release|Any CPU
		{6705D776-3001-4BEC-B4DC-43FFD16B9ACE}.AppStore|iPhone.Build.0 = Release|Any CPU
		{6705D776-3001-4BEC-B4DC-43FFD16B9ACE}.AppStore|iPhone.Deploy.0 = Release|Any CPU
		{6705D776-3001-4BEC-B4DC-43FFD16B9ACE}.AppStore|iPhoneSimulator.ActiveCfg = Release|Any CPU
		{6705D776-3001-4BEC-B4DC-43FFD16B9ACE}.AppStore|iPhoneSimulator.Build.0 = Release|Any CPU
		{6705D776-3001-4BEC-B4DC-43FFD16B9ACE}.AppStore|iPhoneSimulator.Deploy.0 = Release|Any CPU
		{6705D776-3001-4BEC-B4DC-43FFD16B9ACE}.AppStore|x64.ActiveCfg = Release|x64
		{6705D776-3001-4BEC-B4DC-43FFD16B9ACE}.AppStore|x64.Build.0 = Release|x64
		{6705D776-3001-4BEC-B4DC-43FFD16B9ACE}.AppStore|x64.Deploy.0 = Release|x64
		{6705D776-3001-4BEC-B4DC-43FFD16B9ACE}.AppStore|x86.ActiveCfg = Release|x86
		{6705D776-3001-4BEC-B4DC-43FFD16B9ACE}.AppStore|x86.Build.0 = Release|x86
		{6705D776-3001-4BEC-B4DC-43FFD16B9ACE}.AppStore|x86.Deploy.0 = Release|x86
		{6705D776-3001-4BEC-B4DC-43FFD16B9ACE}.Debug|Any CPU.ActiveCfg = Debug|Any CPU
		{6705D776-3001-4BEC-B4DC-43FFD16B9ACE}.Debug|ARM.ActiveCfg = Debug|ARM
		{6705D776-3001-4BEC-B4DC-43FFD16B9ACE}.Debug|ARM.Build.0 = Debug|ARM
		{6705D776-3001-4BEC-B4DC-43FFD16B9ACE}.Debug|ARM.Deploy.0 = Debug|ARM
		{6705D776-3001-4BEC-B4DC-43FFD16B9ACE}.Debug|iPhone.ActiveCfg = Debug|Any CPU
		{6705D776-3001-4BEC-B4DC-43FFD16B9ACE}.Debug|iPhoneSimulator.ActiveCfg = Debug|Any CPU
		{6705D776-3001-4BEC-B4DC-43FFD16B9ACE}.Debug|iPhoneSimulator.Build.0 = Debug|Any CPU
		{6705D776-3001-4BEC-B4DC-43FFD16B9ACE}.Debug|iPhoneSimulator.Deploy.0 = Debug|Any CPU
		{6705D776-3001-4BEC-B4DC-43FFD16B9ACE}.Debug|x64.ActiveCfg = Debug|x64
		{6705D776-3001-4BEC-B4DC-43FFD16B9ACE}.Debug|x64.Build.0 = Debug|x64
		{6705D776-3001-4BEC-B4DC-43FFD16B9ACE}.Debug|x64.Deploy.0 = Debug|x64
		{6705D776-3001-4BEC-B4DC-43FFD16B9ACE}.Debug|x86.ActiveCfg = Debug|x86
		{6705D776-3001-4BEC-B4DC-43FFD16B9ACE}.Debug|x86.Build.0 = Debug|x86
		{6705D776-3001-4BEC-B4DC-43FFD16B9ACE}.Debug|x86.Deploy.0 = Debug|x86
		{6705D776-3001-4BEC-B4DC-43FFD16B9ACE}.Release|Any CPU.ActiveCfg = Release|Any CPU
		{6705D776-3001-4BEC-B4DC-43FFD16B9ACE}.Release|Any CPU.Build.0 = Release|Any CPU
		{6705D776-3001-4BEC-B4DC-43FFD16B9ACE}.Release|Any CPU.Deploy.0 = Release|Any CPU
		{6705D776-3001-4BEC-B4DC-43FFD16B9ACE}.Release|ARM.ActiveCfg = Release|ARM
		{6705D776-3001-4BEC-B4DC-43FFD16B9ACE}.Release|ARM.Build.0 = Release|ARM
		{6705D776-3001-4BEC-B4DC-43FFD16B9ACE}.Release|ARM.Deploy.0 = Release|ARM
		{6705D776-3001-4BEC-B4DC-43FFD16B9ACE}.Release|iPhone.ActiveCfg = Release|Any CPU
		{6705D776-3001-4BEC-B4DC-43FFD16B9ACE}.Release|iPhone.Build.0 = Release|Any CPU
		{6705D776-3001-4BEC-B4DC-43FFD16B9ACE}.Release|iPhone.Deploy.0 = Release|Any CPU
		{6705D776-3001-4BEC-B4DC-43FFD16B9ACE}.Release|iPhoneSimulator.ActiveCfg = Release|Any CPU
		{6705D776-3001-4BEC-B4DC-43FFD16B9ACE}.Release|iPhoneSimulator.Build.0 = Release|Any CPU
		{6705D776-3001-4BEC-B4DC-43FFD16B9ACE}.Release|iPhoneSimulator.Deploy.0 = Release|Any CPU
		{6705D776-3001-4BEC-B4DC-43FFD16B9ACE}.Release|x64.ActiveCfg = Release|x64
		{6705D776-3001-4BEC-B4DC-43FFD16B9ACE}.Release|x64.Build.0 = Release|x64
		{6705D776-3001-4BEC-B4DC-43FFD16B9ACE}.Release|x64.Deploy.0 = Release|x64
		{6705D776-3001-4BEC-B4DC-43FFD16B9ACE}.Release|x86.ActiveCfg = Release|x86
		{6705D776-3001-4BEC-B4DC-43FFD16B9ACE}.Release|x86.Build.0 = Release|x86
		{6705D776-3001-4BEC-B4DC-43FFD16B9ACE}.Release|x86.Deploy.0 = Release|x86
	EndGlobalSection
	GlobalSection(SolutionProperties) = preSolution
		HideSolutionNode = FALSE
	EndGlobalSection
EndGlobal
